{
  "name": "myenv",
  "version": "0.0.0",
  "lockfileVersion": 1,
  "dependencies": {
    "vuetify": {
      "version": "0.15.7",
      "resolved": "https://registry.npmjs.org/vuetify/-/vuetify-0.15.7.tgz",
      "integrity": "sha512-bJk9kiIWMfTcSliktgNOUSzr5MlBY8oLOMZSSqW+QHtVAuxtk0dUhwdh5WRIsYWqnU64Yi1Kx9tIvNUdF8QscQ=="
    }
  }
}
